
Microsoft Visual Studio Solution File, Format Version 12.00
# Visual Studio Version 17
VisualStudioVersion = 17.6.33829.357
MinimumVisualStudioVersion = 10.0.40219.1
Project("{FAE04EC0-301F-11D3-BF4B-00C04F79EFBC}") = "RoutingWithoutMVC", "RoutingWithoutMVC\RoutingWithoutMVC.csproj", "{49511B75-5F5B-4AED-BFE1-5D04F75F8C34}"
EndProject
Global
	GlobalSection(SolutionConfigurationPlatforms) = preSolution
		Debug|Any CPU = Debug|Any CPU
		Release|Any CPU = Release|Any CPU
	EndGlobalSection
	GlobalSection(ProjectConfigurationPlatforms) = postSolution
		{49511B75-5F5B-4AED-BFE1-5D04F75F8C34}.Debug|Any CPU.ActiveCfg = Debug|Any CPU
		{49511B75-5F5B-4AED-BFE1-5D04F75F8C34}.Debug|Any CPU.Build.0 = Debug|Any CPU
		{49511B75-5F5B-4AED-BFE1-5D04F75F8C34}.Release|Any CPU.ActiveCfg = Release|Any CPU
		{49511B75-5F5B-4AED-BFE1-5D04F75F8C34}.Release|Any CPU.Build.0 = Release|Any CPU
	EndGlobalSection
	GlobalSection(SolutionProperties) = preSolution
		HideSolutionNode = FALSE
	EndGlobalSection
	GlobalSection(ExtensibilityGlobals) = postSolution
		SolutionGuid = {4967360A-CD19-4B98-8317-141877D7A6E6}
	EndGlobalSection
EndGlobal
